
Microsoft Visual Studio Solution File, Format Version 12.00
# Visual Studio Version 17
VisualStudioVersion = 17.2.32602.215
MinimumVisualStudioVersion = 10.0.40219.1
Project("{9A19103F-16F7-4668-BE54-9A1E7A4F7556}") = "CustomMiddleware", "CustomMiddleware\CustomMiddleware.csproj", "{CD6E6C82-CB19-4584-B088-AE747E73DC6D}"
EndProject
Project("{2150E333-8FDC-42A3-9474-1A3956D46DE8}") = "Itens de Solução", "Itens de Solução", "{571AAB79-7032-4A9D-8200-635B0033C452}"
	ProjectSection(SolutionItems) = preProject
		Dockerfile = Dockerfile
	EndProjectSection
EndProject
Global
	GlobalSection(SolutionConfigurationPlatforms) = preSolution
		Debug|Any CPU = Debug|Any CPU
		Release|Any CPU = Release|Any CPU
	EndGlobalSection
	GlobalSection(ProjectConfigurationPlatforms) = postSolution
		{CD6E6C82-CB19-4584-B088-AE747E73DC6D}.Debug|Any CPU.ActiveCfg = Debug|Any CPU
		{CD6E6C82-CB19-4584-B088-AE747E73DC6D}.Debug|Any CPU.Build.0 = Debug|Any CPU
		{CD6E6C82-CB19-4584-B088-AE747E73DC6D}.Release|Any CPU.ActiveCfg = Release|Any CPU
		{CD6E6C82-CB19-4584-B088-AE747E73DC6D}.Release|Any CPU.Build.0 = Release|Any CPU
	EndGlobalSection
	GlobalSection(SolutionProperties) = preSolution
		HideSolutionNode = FALSE
	EndGlobalSection
	GlobalSection(ExtensibilityGlobals) = postSolution
		SolutionGuid = {691FEBA0-D8DA-4244-82A0-CA8E623A72DB}
	EndGlobalSection
EndGlobal
